Microsoft Visual Studio Solution File, Format Version 12.00
# Visual Studio Version 17
VisualStudioVersion = 17.0.31903.59
MinimumVisualStudioVersion = 10.0.40219.1
Project("{FAE04EC0-301F-11D3-BF4B-00C04F79EFBC}") = "SecureProject", "SecureProject.csproj", "{49FA0E65-5389-4824-B1F6-3E4E80DABF96}"
EndProject
Project("{FAE04EC0-301F-11D3-BF4B-00C04F79EFBC}") = "VulnerableVersion", "VulnerableVersion\VulnerableVersion.csproj", "{FBD793FA-546C-433F-B75C-6C0A0F387F22}"
EndProject
Global
	GlobalSection(SolutionConfigurationPlatforms) = preSolution
		Debug|Any CPU = Debug|Any CPU
		Debug|x64 = Debug|x64
		Debug|x86 = Debug|x86
		Release|Any CPU = Release|Any CPU
		Release|x64 = Release|x64
		Release|x86 = Release|x86
	EndGlobalSection
	GlobalSection(ProjectConfigurationPlatforms) = postSolution
		{8A45CD7A-0554-405B-8CBA-49507C1D51CC}.Debug|Any CPU.ActiveCfg = Debug|Any CPU
		{8A45CD7A-0554-405B-8CBA-49507C1D51CC}.Debug|Any CPU.Build.0 = Debug|Any CPU
		{8A45CD7A-0554-405B-8CBA-49507C1D51CC}.Debug|x64.ActiveCfg = Debug|Any CPU
		{8A45CD7A-0554-405B-8CBA-49507C1D51CC}.Debug|x64.Build.0 = Debug|Any CPU
		{8A45CD7A-0554-405B-8CBA-49507C1D51CC}.Debug|x86.ActiveCfg = Debug|Any CPU
		{8A45CD7A-0554-405B-8CBA-49507C1D51CC}.Debug|x86.Build.0 = Debug|Any CPU
		{8A45CD7A-0554-405B-8CBA-49507C1D51CC}.Release|Any CPU.ActiveCfg = Release|Any CPU
		{8A45CD7A-0554-405B-8CBA-49507C1D51CC}.Release|Any CPU.Build.0 = Release|Any CPU
		{8A45CD7A-0554-405B-8CBA-49507C1D51CC}.Release|x64.ActiveCfg = Release|Any CPU
		{8A45CD7A-0554-405B-8CBA-49507C1D51CC}.Release|x64.Build.0 = Release|Any CPU
		{8A45CD7A-0554-405B-8CBA-49507C1D51CC}.Release|x86.ActiveCfg = Release|Any CPU
		{8A45CD7A-0554-405B-8CBA-49507C1D51CC}.Release|x86.Build.0 = Release|Any CPU
		{FBD793FA-546C-433F-B75C-6C0A0F387F22}.Debug|Any CPU.ActiveCfg = Debug|Any CPU
		{FBD793FA-546C-433F-B75C-6C0A0F387F22}.Debug|Any CPU.Build.0 = Debug|Any CPU
		{FBD793FA-546C-433F-B75C-6C0A0F387F22}.Debug|x64.ActiveCfg = Debug|Any CPU
		{FBD793FA-546C-433F-B75C-6C0A0F387F22}.Debug|x64.Build.0 = Debug|Any CPU
		{FBD793FA-546C-433F-B75C-6C0A0F387F22}.Debug|x86.ActiveCfg = Debug|Any CPU
		{FBD793FA-546C-433F-B75C-6C0A0F387F22}.Debug|x86.Build.0 = Debug|Any CPU
		{FBD793FA-546C-433F-B75C-6C0A0F387F22}.Release|Any CPU.ActiveCfg = Release|Any CPU
		{FBD793FA-546C-433F-B75C-6C0A0F387F22}.Release|Any CPU.Build.0 = Release|Any CPU
		{FBD793FA-546C-433F-B75C-6C0A0F387F22}.Release|x64.ActiveCfg = Release|Any CPU
		{FBD793FA-546C-433F-B75C-6C0A0F387F22}.Release|x64.Build.0 = Release|Any CPU
		{FBD793FA-546C-433F-B75C-6C0A0F387F22}.Release|x86.ActiveCfg = Release|Any CPU
		{FBD793FA-546C-433F-B75C-6C0A0F387F22}.Release|x86.Build.0 = Release|Any CPU
	EndGlobalSection
	GlobalSection(SolutionProperties) = preSolution
		HideSolutionNode = FALSE
	EndGlobalSection
EndGlobal
